
Microsoft Visual Studio Solution File, Format Version 10.00
# Visual Studio 2008
Project("{FAE04EC0-301F-11D3-BF4B-00C04F79EFBC}") = "LeComCre.Web", "LeComCre.Web\LeComCre.Web.csproj", "{2EB189E4-7F99-485E-932A-E73A2C8AD38A}"
EndProject
Project("{FAE04EC0-301F-11D3-BF4B-00C04F79EFBC}") = "Afonsoft.Libary.Chat", "Afonsoft.Libary.Chat\Afonsoft.Libary.Chat.csproj", "{61C8B185-8CD5-4C3D-8AC2-66CB40F45256}"
EndProject
Project("{FAE04EC0-301F-11D3-BF4B-00C04F79EFBC}") = "Afonsoft.Libary.Cryptographic", "Afonsoft.Libary.Cryptographic\Afonsoft.Libary.Cryptographic.csproj", "{89A9276D-0F97-45FE-9ACF-DEBF4AC7DC2D}"
EndProject
Project("{FAE04EC0-301F-11D3-BF4B-00C04F79EFBC}") = "Afonsoft.Libary.Data", "Afonsoft.Libary.Data\Afonsoft.Libary.Data.csproj", "{5A9BD402-D2D2-4379-92DA-76C39E70C5B5}"
EndProject
Project("{FAE04EC0-301F-11D3-BF4B-00C04F79EFBC}") = "Afonsoft.Libary.Mail", "Afonsoft.Libary.Mail\Afonsoft.Libary.Mail.csproj", "{044A52C5-7188-4D65-A222-8140E8A544CB}"
EndProject
Project("{FAE04EC0-301F-11D3-BF4B-00C04F79EFBC}") = "Afonsoft.Libary.Util", "Afonsoft.Libary.Util\Afonsoft.Libary.Util.csproj", "{0B1D288D-D323-4E39-B694-A9E4BD3CA100}"
EndProject
Global
	GlobalSection(SubversionScc) = preSolution
		Svn-Managed = True
		Manager = AnkhSVN - Subversion Support for Visual Studio
	EndGlobalSection
	GlobalSection(SolutionConfigurationPlatforms) = preSolution
		Debug|Any CPU = Debug|Any CPU
		Release|Any CPU = Release|Any CPU
	EndGlobalSection
	GlobalSection(ProjectConfigurationPlatforms) = postSolution
		{2EB189E4-7F99-485E-932A-E73A2C8AD38A}.Debug|Any CPU.ActiveCfg = Debug|Any CPU
		{2EB189E4-7F99-485E-932A-E73A2C8AD38A}.Debug|Any CPU.Build.0 = Debug|Any CPU
		{2EB189E4-7F99-485E-932A-E73A2C8AD38A}.Release|Any CPU.ActiveCfg = Release|Any CPU
		{2EB189E4-7F99-485E-932A-E73A2C8AD38A}.Release|Any CPU.Build.0 = Release|Any CPU
		{61C8B185-8CD5-4C3D-8AC2-66CB40F45256}.Debug|Any CPU.ActiveCfg = Debug|Any CPU
		{61C8B185-8CD5-4C3D-8AC2-66CB40F45256}.Debug|Any CPU.Build.0 = Debug|Any CPU
		{61C8B185-8CD5-4C3D-8AC2-66CB40F45256}.Release|Any CPU.ActiveCfg = Release|Any CPU
		{61C8B185-8CD5-4C3D-8AC2-66CB40F45256}.Release|Any CPU.Build.0 = Release|Any CPU
		{89A9276D-0F97-45FE-9ACF-DEBF4AC7DC2D}.Debug|Any CPU.ActiveCfg = Debug|Any CPU
		{89A9276D-0F97-45FE-9ACF-DEBF4AC7DC2D}.Debug|Any CPU.Build.0 = Debug|Any CPU
		{89A9276D-0F97-45FE-9ACF-DEBF4AC7DC2D}.Release|Any CPU.ActiveCfg = Release|Any CPU
		{89A9276D-0F97-45FE-9ACF-DEBF4AC7DC2D}.Release|Any CPU.Build.0 = Release|Any CPU
		{5A9BD402-D2D2-4379-92DA-76C39E70C5B5}.Debug|Any CPU.ActiveCfg = Debug|Any CPU
		{5A9BD402-D2D2-4379-92DA-76C39E70C5B5}.Debug|Any CPU.Build.0 = Debug|Any CPU
		{5A9BD402-D2D2-4379-92DA-76C39E70C5B5}.Release|Any CPU.ActiveCfg = Release|Any CPU
		{5A9BD402-D2D2-4379-92DA-76C39E70C5B5}.Release|Any CPU.Build.0 = Release|Any CPU
		{044A52C5-7188-4D65-A222-8140E8A544CB}.Debug|Any CPU.ActiveCfg = Debug|Any CPU
		{044A52C5-7188-4D65-A222-8140E8A544CB}.Debug|Any CPU.Build.0 = Debug|Any CPU
		{044A52C5-7188-4D65-A222-8140E8A544CB}.Release|Any CPU.ActiveCfg = Release|Any CPU
		{044A52C5-7188-4D65-A222-8140E8A544CB}.Release|Any CPU.Build.0 = Release|Any CPU
		{0B1D288D-D323-4E39-B694-A9E4BD3CA100}.Debug|Any CPU.ActiveCfg = Debug|Any CPU
		{0B1D288D-D323-4E39-B694-A9E4BD3CA100}.Debug|Any CPU.Build.0 = Debug|Any CPU
		{0B1D288D-D323-4E39-B694-A9E4BD3CA100}.Release|Any CPU.ActiveCfg = Release|Any CPU
		{0B1D288D-D323-4E39-B694-A9E4BD3CA100}.Release|Any CPU.Build.0 = Release|Any CPU
	EndGlobalSection
	GlobalSection(SolutionProperties) = preSolution
		HideSolutionNode = FALSE
	EndGlobalSection
EndGlobal
